{
  "name": "tonto-glsp-client",
  "version": "1.0.0",
  "lockfileVersion": 3,
  "requires": true,
  "packages": {
    "": {
      "name": "tonto-glsp-client",
      "version": "1.0.0",
      "license": "MIT",
      "dependencies": {
        "@eclipse-glsp/client": "2.2.0-next.353+1e0d319",
        "@eclipse-glsp/vscode-integration": "^2.1.1",
        "balloon-css": "^1.2.0"
      }
    },
    "node_modules/@eclipse-glsp/client": {
      "version": "2.2.0-next.353",
      "resolved": "https://registry.npmjs.org/@eclipse-glsp/client/-/client-2.2.0-next.353.tgz",
      "integrity": "sha512-+LrF3WXNGaJ+OL/+sY+7cMpG24B3Vzu4FHEwgTQSRGlulu7EpUq4jy9vdSQH/FxAk1s+chIKc2y/rTo7fBoi0w==",
      "dependencies": {
        "@eclipse-glsp/sprotty": "2.2.0-next.353+1e0d319",
        "autocompleter": "^9.1.2",
        "file-saver": "^2.0.5",
        "lodash": "4.17.21",
        "snabbdom": "~3.5.1",
        "vscode-jsonrpc": "8.2.0"
      },
      "peerDependencies": {
        "inversify": "~6.0.2"
      }
    },
    "node_modules/@eclipse-glsp/protocol": {
      "version": "2.2.0-next.353",
      "resolved": "https://registry.npmjs.org/@eclipse-glsp/protocol/-/protocol-2.2.0-next.353.tgz",
      "integrity": "sha512-LARvLG1bEmmfR8e6wFoEyYwOfMiQMyHEi/2SD/c08BUIDjEAuxbUEQyx2g+d9btfHdVEZJXfwfvy5oIuLEuI1Q==",
      "dependencies": {
        "sprotty-protocol": "1.2.0",
        "uuid": "~10.0.0",
        "vscode-jsonrpc": "8.2.0"
      },
      "peerDependencies": {
        "inversify": "~6.0.2"
      }
    },
    "node_modules/@eclipse-glsp/sprotty": {
      "version": "2.2.0-next.353",
      "resolved": "https://registry.npmjs.org/@eclipse-glsp/sprotty/-/sprotty-2.2.0-next.353.tgz",
      "integrity": "sha512-WG/t1ZBPCqUk1y8gCMu7hITwi+Jsec5y46yedv5VfLxmGbgsF7eIEwd6hzMv1NYa4FsWYpQMS2m8+NU7RcNvRg==",
      "dependencies": {
        "@eclipse-glsp/protocol": "2.2.0-next.353+1e0d319",
        "autocompleter": "^9.1.0",
        "snabbdom": "~3.5.1",
        "sprotty": "1.2.0",
        "sprotty-protocol": "1.2.0",
        "vscode-jsonrpc": "8.2.0"
      },
      "peerDependencies": {
        "inversify": "~6.0.2"
      }
    },
    "node_modules/@eclipse-glsp/vscode-integration": {
      "version": "2.1.1",
      "resolved": "https://registry.npmjs.org/@eclipse-glsp/vscode-integration/-/vscode-integration-2.1.1.tgz",
      "integrity": "sha512-7nkX+llLQjchGSxZbOekm9vECKKnZ0i6nLaIt9rK9hJ+JHbCdVT5RZWWe1+irnrh0EKiuEe5jQzb/DSNdWhZXA==",
      "dependencies": {
        "@eclipse-glsp/protocol": "~2.1.1",
        "vscode-jsonrpc": "^8.0.2",
        "vscode-messenger": "^0.4.5",
        "ws": "^8.13.0"
      },
      "engines": {
        "vscode": "^1.54.0"
      }
    },
    "node_modules/@eclipse-glsp/vscode-integration/node_modules/@eclipse-glsp/protocol": {
      "version": "2.1.1",
      "resolved": "https://registry.npmjs.org/@eclipse-glsp/protocol/-/protocol-2.1.1.tgz",
      "integrity": "sha512-t9vcnI174eB6UVfj6bpyFOnc3MV0EN8VawFgniV+dgon++6Rbg2tyxlFRFfAs/itkYBCQkmeF2WdPe9v3CnosQ==",
      "dependencies": {
        "sprotty-protocol": "1.0.0",
        "uuid": "7.0.3",
        "vscode-jsonrpc": "^8.0.2"
      },
      "peerDependencies": {
        "inversify": "^6.0.1"
      }
    },
    "node_modules/@eclipse-glsp/vscode-integration/node_modules/sprotty-protocol": {
      "version": "1.0.0",
      "resolved": "https://registry.npmjs.org/sprotty-protocol/-/sprotty-protocol-1.0.0.tgz",
      "integrity": "sha512-p1H+ihcOmj0LEk2atcwOnYQPm0WByaOB1yX7fd869ONfQ5R+7x0X20YPdVLeCWmnhsszC/Rf91ojwaQiNIiHNA=="
    },
    "node_modules/@eclipse-glsp/vscode-integration/node_modules/uuid": {
      "version": "7.0.3",
      "resolved": "https://registry.npmjs.org/uuid/-/uuid-7.0.3.tgz",
      "integrity": "sha512-DPSke0pXhTZgoF/d+WSt2QaKMCFSfx7QegxEWT+JOuHF5aWrKEn0G+ztjuJg/gG8/ItK+rbPCD/yNv8yyih6Cg==",
      "bin": {
        "uuid": "dist/bin/uuid"
      }
    },
    "node_modules/autocompleter": {
      "version": "9.2.1",
      "resolved": "https://registry.npmjs.org/autocompleter/-/autocompleter-9.2.1.tgz",
      "integrity": "sha512-lZVD5JZxxg3o6hnh7oB3M4kVAJPp/xFKmrO9RYeMGpFIH1XokmwevMLzSYz0BHSAbXMX6H3hEMsDxAd2dMebag=="
    },
    "node_modules/balloon-css": {
      "version": "1.2.0",
      "resolved": "https://registry.npmjs.org/balloon-css/-/balloon-css-1.2.0.tgz",
      "integrity": "sha512-urXwkHgwp6GsXVF+it01485Z2Cj4pnW02ICnM0TemOlkKmCNnDLmyy+ZZiRXBpwldUXO+aRNr7Hdia4CBvXJ5A=="
    },
    "node_modules/file-saver": {
      "version": "2.0.5",
      "resolved": "https://registry.npmjs.org/file-saver/-/file-saver-2.0.5.tgz",
      "integrity": "sha512-P9bmyZ3h/PRG+Nzga+rbdI4OEpNDzAVyy74uVO9ATgzLK6VtAsYybF/+TOCvrc0MO793d6+42lLyZTw7/ArVzA=="
    },
    "node_modules/inversify": {
      "version": "6.0.2",
      "resolved": "https://registry.npmjs.org/inversify/-/inversify-6.0.2.tgz",
      "integrity": "sha512-i9m8j/7YIv4mDuYXUAcrpKPSaju/CIly9AHK5jvCBeoiM/2KEsuCQTTP+rzSWWpLYWRukdXFSl6ZTk2/uumbiA=="
    },
    "node_modules/lodash": {
      "version": "4.17.21",
      "resolved": "https://registry.npmjs.org/lodash/-/lodash-4.17.21.tgz",
      "integrity": "sha512-v2kDEe57lecTulaDIuNTPy3Ry4gLGJ6Z1O3vE1krgXZNrsQ+LFTGHVxVjcXPs17LhbZVGedAJv8XZ1tvj5FvSg=="
    },
    "node_modules/snabbdom": {
      "version": "3.5.1",
      "resolved": "https://registry.npmjs.org/snabbdom/-/snabbdom-3.5.1.tgz",
      "integrity": "sha512-wHMNIOjkm/YNE5EM3RCbr/+DVgPg6AqQAX1eOxO46zYNvCXjKP5Y865tqQj3EXnaMBjkxmQA5jFuDpDK/dbfiA==",
      "engines": {
        "node": ">=8.3.0"
      }
    },
    "node_modules/sprotty": {
      "version": "1.2.0",
      "resolved": "https://registry.npmjs.org/sprotty/-/sprotty-1.2.0.tgz",
      "integrity": "sha512-/YL1+S+pLhV+hF0Z9C4vQGuaVv9NVsDgEqRnF+vevvdbeio1w8lfGxOMKjzY7DHcVDBQoKe0kbKJXvMr3f/RsA==",
      "dependencies": {
        "autocompleter": "^9.1.2",
        "file-saver": "^2.0.5",
        "inversify": "~6.0.2",
        "snabbdom": "~3.5.1",
        "sprotty-protocol": "^1.2.0",
        "tinyqueue": "^2.0.3"
      }
    },
    "node_modules/sprotty-protocol": {
      "version": "1.2.0",
      "resolved": "https://registry.npmjs.org/sprotty-protocol/-/sprotty-protocol-1.2.0.tgz",
      "integrity": "sha512-SHu61Qiw7bAD2nyRqdOASSihVNbeEuKI7cQx+o9EeyLpbmXKX6NTcGSVpxmWztHUIP0I6gZhKnkhF/BWo46mUQ=="
    },
    "node_modules/tinyqueue": {
      "version": "2.0.3",
      "resolved": "https://registry.npmjs.org/tinyqueue/-/tinyqueue-2.0.3.tgz",
      "integrity": "sha512-ppJZNDuKGgxzkHihX8v9v9G5f+18gzaTfrukGrq6ueg0lmH4nqVnA2IPG0AEH3jKEk2GRJCUhDoqpoiw3PHLBA=="
    },
    "node_modules/uuid": {
      "version": "10.0.0",
      "resolved": "https://registry.npmjs.org/uuid/-/uuid-10.0.0.tgz",
      "integrity": "sha512-8XkAphELsDnEGrDxUOHB3RGvXz6TeuYSGEZBOjtTtPm2lwhGBjLgOzLHB63IUWfBpNucQjND6d3AOudO+H3RWQ==",
      "funding": [
        "https://github.com/sponsors/broofa",
        "https://github.com/sponsors/ctavan"
      ],
      "bin": {
        "uuid": "dist/bin/uuid"
      }
    },
    "node_modules/vscode-jsonrpc": {
      "version": "8.2.0",
      "resolved": "https://registry.npmjs.org/vscode-jsonrpc/-/vscode-jsonrpc-8.2.0.tgz",
      "integrity": "sha512-C+r0eKJUIfiDIfwJhria30+TYWPtuHJXHtI7J0YlOmKAo7ogxP20T0zxB7HZQIFhIyvoBPwWskjxrvAtfjyZfA==",
      "engines": {
        "node": ">=14.0.0"
      }
    },
    "node_modules/vscode-messenger": {
      "version": "0.4.5",
      "resolved": "https://registry.npmjs.org/vscode-messenger/-/vscode-messenger-0.4.5.tgz",
      "integrity": "sha512-a6e54dpPRi/ITmVex49LGU6YXlqcuxGPlDPauvZig20G1D1/QD2E8GfhtvlTj3ml5aU/QV3LHghyepq3riy7sw==",
      "dependencies": {
        "vscode-messenger-common": "^0.4.5"
      }
    },
    "node_modules/vscode-messenger-common": {
      "version": "0.4.5",
      "resolved": "https://registry.npmjs.org/vscode-messenger-common/-/vscode-messenger-common-0.4.5.tgz",
      "integrity": "sha512-opA+BEYTWdy1fFC3oOw30b0zc/KEuMtw+1pOiH5fEp+BGeA5xff7omSQTZeZJSDJszM471Vi+YY/ipRdRglAlQ=="
    },
    "node_modules/ws": {
      "version": "8.18.0",
      "resolved": "https://registry.npmjs.org/ws/-/ws-8.18.0.tgz",
      "integrity": "sha512-8VbfWfHLbbwu3+N6OKsOMpBdT4kXPDDB9cJk2bJ6mh9ucxdlnNvH1e+roYkKmN9Nxw2yjz7VzeO9oOz2zJ04Pw==",
      "engines": {
        "node": ">=10.0.0"
      },
      "peerDependencies": {
        "bufferutil": "^4.0.1",
        "utf-8-validate": ">=5.0.2"
      },
      "peerDependenciesMeta": {
        "bufferutil": {
          "optional": true
        },
        "utf-8-validate": {
          "optional": true
        }
      }
    }
  }
}
